// !$*UTF8*$!
{
	archiveVersion = 1;
	classes = {
	};
	objectVersion = 55;
	objects = {

/* Begin PBXBuildFile section */
		A21A613F285D21D0004D71A9 /* LogoutViewController.swift in Sources */ = {isa = PBXBuildFile; fileRef = A21A613E285D21D0004D71A9 /* LogoutViewController.swift */; };
		A21A6141285D26E2004D71A9 /* LocalState.swift in Sources */ = {isa = PBXBuildFile; fileRef = A21A6140285D26E2004D71A9 /* LocalState.swift */; };
		A21A6145285DE3D7004D71A9 /* UIViewControllers+Utils.swift in Sources */ = {isa = PBXBuildFile; fileRef = A21A6144285DE3D7004D71A9 /* UIViewControllers+Utils.swift */; };
		A21A6147285DE6C0004D71A9 /* MainViewController.swift in Sources */ = {isa = PBXBuildFile; fileRef = A21A6146285DE6C0004D71A9 /* MainViewController.swift */; };
		A21A614B285DF52E004D71A9 /* AccountSummaryViewController.swift in Sources */ = {isa = PBXBuildFile; fileRef = A21A614A285DF52E004D71A9 /* AccountSummaryViewController.swift */; };
		A21A614D285DF706004D71A9 /* SummaryCellView.swift in Sources */ = {isa = PBXBuildFile; fileRef = A21A614C285DF706004D71A9 /* SummaryCellView.swift */; };
		A21A614F285DFA8A004D71A9 /* AccountSummaryHeaderView.swift in Sources */ = {isa = PBXBuildFile; fileRef = A21A614E285DFA8A004D71A9 /* AccountSummaryHeaderView.swift */; };
		A21A6151285DFAAD004D71A9 /* AccountSummaryHeaderView.xib in Resources */ = {isa = PBXBuildFile; fileRef = A21A6150285DFAAD004D71A9 /* AccountSummaryHeaderView.xib */; };
		A2B08BFA285C94DE001AD17A /* AppDelegate.swift in Sources */ = {isa = PBXBuildFile; fileRef = A2B08BF9285C94DE001AD17A /* AppDelegate.swift */; };
		A2B08BFE285C94DE001AD17A /* LoginViewController.swift in Sources */ = {isa = PBXBuildFile; fileRef = A2B08BFD285C94DE001AD17A /* LoginViewController.swift */; };
		A2B08C03285C94E1001AD17A /* Assets.xcassets in Resources */ = {isa = PBXBuildFile; fileRef = A2B08C02285C94E1001AD17A /* Assets.xcassets */; };
		A2B08C06285C94E1001AD17A /* LaunchScreen.storyboard in Resources */ = {isa = PBXBuildFile; fileRef = A2B08C04285C94E1001AD17A /* LaunchScreen.storyboard */; };
		A2B08C10285C97F3001AD17A /* LoginView.swift in Sources */ = {isa = PBXBuildFile; fileRef = A2B08C0F285C97F3001AD17A /* LoginView.swift */; };
		A2B08C13285CD1D0001AD17A /* OnboardingContainerViewController.swift in Sources */ = {isa = PBXBuildFile; fileRef = A2B08C12285CD1D0001AD17A /* OnboardingContainerViewController.swift */; };
		A2B08C17285CDAA9001AD17A /* OnboardingViewController.swift in Sources */ = {isa = PBXBuildFile; fileRef = A2B08C16285CDAA9001AD17A /* OnboardingViewController.swift */; };
		A2B08C19285CEA06001AD17A /* OnboardingViewControllerBuilder.swift in Sources */ = {isa = PBXBuildFile; fileRef = A2B08C18285CEA06001AD17A /* OnboardingViewControllerBuilder.swift */; };
		A2C81B41285E534D00093F82 /* Decimal+Utils.swift in Sources */ = {isa = PBXBuildFile; fileRef = A2C81B40285E534D00093F82 /* Decimal+Utils.swift */; };
		A2C81B43285E53C400093F82 /* CurrencyFormatter.swift in Sources */ = {isa = PBXBuildFile; fileRef = A2C81B42285E53C400093F82 /* CurrencyFormatter.swift */; };
		A2C81B61285E5B5500093F82 /* CurrencyFormatterTest.swift in Sources */ = {isa = PBXBuildFile; fileRef = A2C81B60285E5B5500093F82 /* CurrencyFormatterTest.swift */; };
		A2C81B63285E709300093F82 /* NSNotificationName.swift in Sources */ = {isa = PBXBuildFile; fileRef = A2C81B62285E709300093F82 /* NSNotificationName.swift */; };
		A2C81B65285E72A700093F82 /* UITextField+SecureToggle.swift in Sources */ = {isa = PBXBuildFile; fileRef = A2C81B64285E72A700093F82 /* UITextField+SecureToggle.swift */; };
		A2C81B68285E862100093F82 /* ShakeyBellView.swift in Sources */ = {isa = PBXBuildFile; fileRef = A2C81B67285E862100093F82 /* ShakeyBellView.swift */; };
		A2C81B6A285F81A500093F82 /* ShakeyBellViewAnimationRagViewController.swift in Sources */ = {isa = PBXBuildFile; fileRef = A2C81B69285F81A500093F82 /* ShakeyBellViewAnimationRagViewController.swift */; };
		A2C81B6C285F849E00093F82 /* UIView+Utils.swift in Sources */ = {isa = PBXBuildFile; fileRef = A2C81B6B285F849E00093F82 /* UIView+Utils.swift */; };
		A2D744E9285FC10E00E591C9 /* Date+Utils.swift in Sources */ = {isa = PBXBuildFile; fileRef = A2D744E8285FC10E00E591C9 /* Date+Utils.swift */; };
		A2D744EB285FC2DA00E591C9 /* AccountSummaryViewController+Networking.swift in Sources */ = {isa = PBXBuildFile; fileRef = A2D744EA285FC2DA00E591C9 /* AccountSummaryViewController+Networking.swift */; };
		A2E4C6422865F6E30074BCFC /* SkeletonLoadable.swift in Sources */ = {isa = PBXBuildFile; fileRef = A2E4C6412865F6E30074BCFC /* SkeletonLoadable.swift */; };
		A2E4C6442865F7B10074BCFC /* SkeletonCell.swift in Sources */ = {isa = PBXBuildFile; fileRef = A2E4C6432865F7B10074BCFC /* SkeletonCell.swift */; };
/* End PBXBuildFile section */

/* Begin PBXContainerItemProxy section */
		A2C81B5B285E5AD100093F82 /* PBXContainerItemProxy */ = {
			isa = PBXContainerItemProxy;
			containerPortal = A2B08BEE285C94DE001AD17A /* Project object */;
			proxyType = 1;
			remoteGlobalIDString = A2B08BF5285C94DE001AD17A;
			remoteInfo = Bankey;
		};
/* End PBXContainerItemProxy section */

/* Begin PBXFileReference section */
		A21A613E285D21D0004D71A9 /* LogoutViewController.swift */ = {isa = PBXFileReference; lastKnownFileType = sourcecode.swift; path = LogoutViewController.swift; sourceTree = "<group>"; };
		A21A6140285D26E2004D71A9 /* LocalState.swift */ = {isa = PBXFileReference; lastKnownFileType = sourcecode.swift; path = LocalState.swift; sourceTree = "<group>"; };
		A21A6144285DE3D7004D71A9 /* UIViewControllers+Utils.swift */ = {isa = PBXFileReference; lastKnownFileType = sourcecode.swift; path = "UIViewControllers+Utils.swift"; sourceTree = "<group>"; };
		A21A6146285DE6C0004D71A9 /* MainViewController.swift */ = {isa = PBXFileReference; lastKnownFileType = sourcecode.swift; path = MainViewController.swift; sourceTree = "<group>"; };
		A21A614A285DF52E004D71A9 /* AccountSummaryViewController.swift */ = {isa = PBXFileReference; lastKnownFileType = sourcecode.swift; path = AccountSummaryViewController.swift; sourceTree = "<group>"; };
		A21A614C285DF706004D71A9 /* SummaryCellView.swift */ = {isa = PBXFileReference; lastKnownFileType = sourcecode.swift; path = SummaryCellView.swift; sourceTree = "<group>"; };
		A21A614E285DFA8A004D71A9 /* AccountSummaryHeaderView.swift */ = {isa = PBXFileReference; lastKnownFileType = sourcecode.swift; path = AccountSummaryHeaderView.swift; sourceTree = "<group>"; };
		A21A6150285DFAAD004D71A9 /* AccountSummaryHeaderView.xib */ = {isa = PBXFileReference; lastKnownFileType = file.xib; path = AccountSummaryHeaderView.xib; sourceTree = "<group>"; };
		A2B08BF6285C94DE001AD17A /* Bankey.app */ = {isa = PBXFileReference; explicitFileType = wrapper.application; includeInIndex = 0; path = Bankey.app; sourceTree = BUILT_PRODUCTS_DIR; };
		A2B08BF9285C94DE001AD17A /* AppDelegate.swift */ = {isa = PBXFileReference; lastKnownFileType = sourcecode.swift; path = AppDelegate.swift; sourceTree = "<group>"; };
		A2B08BFD285C94DE001AD17A /* LoginViewController.swift */ = {isa = PBXFileReference; lastKnownFileType = sourcecode.swift; path = LoginViewController.swift; sourceTree = "<group>"; };
		A2B08C02285C94E1001AD17A /* Assets.xcassets */ = {isa = PBXFileReference; lastKnownFileType = folder.assetcatalog; path = Assets.xcassets; sourceTree = "<group>"; };
		A2B08C05285C94E1001AD17A /* Base */ = {isa = PBXFileReference; lastKnownFileType = file.storyboard; name = Base; path = Base.lproj/LaunchScreen.storyboard; sourceTree = "<group>"; };
		A2B08C07285C94E1001AD17A /* Info.plist */ = {isa = PBXFileReference; lastKnownFileType = text.plist.xml; path = Info.plist; sourceTree = "<group>"; };
		A2B08C0F285C97F3001AD17A /* LoginView.swift */ = {isa = PBXFileReference; lastKnownFileType = sourcecode.swift; path = LoginView.swift; sourceTree = "<group>"; };
		A2B08C12285CD1D0001AD17A /* OnboardingContainerViewController.swift */ = {isa = PBXFileReference; lastKnownFileType = sourcecode.swift; path = OnboardingContainerViewController.swift; sourceTree = "<group>"; };
		A2B08C16285CDAA9001AD17A /* OnboardingViewController.swift */ = {isa = PBXFileReference; lastKnownFileType = sourcecode.swift; path = OnboardingViewController.swift; sourceTree = "<group>"; };
		A2B08C18285CEA06001AD17A /* OnboardingViewControllerBuilder.swift */ = {isa = PBXFileReference; lastKnownFileType = sourcecode.swift; path = OnboardingViewControllerBuilder.swift; sourceTree = "<group>"; };
		A2C81B40285E534D00093F82 /* Decimal+Utils.swift */ = {isa = PBXFileReference; lastKnownFileType = sourcecode.swift; path = "Decimal+Utils.swift"; sourceTree = "<group>"; };
		A2C81B42285E53C400093F82 /* CurrencyFormatter.swift */ = {isa = PBXFileReference; lastKnownFileType = sourcecode.swift; path = CurrencyFormatter.swift; sourceTree = "<group>"; };
		A2C81B57285E5AD100093F82 /* BankeyUnitTests.xctest */ = {isa = PBXFileReference; explicitFileType = wrapper.cfbundle; includeInIndex = 0; path = BankeyUnitTests.xctest; sourceTree = BUILT_PRODUCTS_DIR; };
		A2C81B60285E5B5500093F82 /* CurrencyFormatterTest.swift */ = {isa = PBXFileReference; lastKnownFileType = sourcecode.swift; path = CurrencyFormatterTest.swift; sourceTree = "<group>"; };
		A2C81B62285E709300093F82 /* NSNotificationName.swift */ = {isa = PBXFileReference; lastKnownFileType = sourcecode.swift; path = NSNotificationName.swift; sourceTree = "<group>"; };
		A2C81B64285E72A700093F82 /* UITextField+SecureToggle.swift */ = {isa = PBXFileReference; lastKnownFileType = sourcecode.swift; path = "UITextField+SecureToggle.swift"; sourceTree = "<group>"; };
		A2C81B67285E862100093F82 /* ShakeyBellView.swift */ = {isa = PBXFileReference; lastKnownFileType = sourcecode.swift; path = ShakeyBellView.swift; sourceTree = "<group>"; };
		A2C81B69285F81A500093F82 /* ShakeyBellViewAnimationRagViewController.swift */ = {isa = PBXFileReference; lastKnownFileType = sourcecode.swift; path = ShakeyBellViewAnimationRagViewController.swift; sourceTree = "<group>"; };
		A2C81B6B285F849E00093F82 /* UIView+Utils.swift */ = {isa = PBXFileReference; lastKnownFileType = sourcecode.swift; path = "UIView+Utils.swift"; sourceTree = "<group>"; };
		A2D744E8285FC10E00E591C9 /* Date+Utils.swift */ = {isa = PBXFileReference; lastKnownFileType = sourcecode.swift; path = "Date+Utils.swift"; sourceTree = "<group>"; };
		A2D744EA285FC2DA00E591C9 /* AccountSummaryViewController+Networking.swift */ = {isa = PBXFileReference; lastKnownFileType = sourcecode.swift; path = "AccountSummaryViewController+Networking.swift"; sourceTree = "<group>"; };
		A2E4C6412865F6E30074BCFC /* SkeletonLoadable.swift */ = {isa = PBXFileReference; lastKnownFileType = sourcecode.swift; path = SkeletonLoadable.swift; sourceTree = "<group>"; };
		A2E4C6432865F7B10074BCFC /* SkeletonCell.swift */ = {isa = PBXFileReference; lastKnownFileType = sourcecode.swift; path = SkeletonCell.swift; sourceTree = "<group>"; };
/* End PBXFileReference section */

/* Begin PBXFrameworksBuildPhase section */
		A2B08BF3285C94DE001AD17A /* Frameworks */ = {
			isa = PBXFrameworksBuildPhase;
			buildActionMask = 2147483647;
			files = (
			);
			runOnlyForDeploymentPostprocessing = 0;
		};
		A2C81B54285E5AD100093F82 /* Frameworks */ = {
			isa = PBXFrameworksBuildPhase;
			buildActionMask = 2147483647;
			files = (
			);
			runOnlyForDeploymentPostprocessing = 0;
		};
/* End PBXFrameworksBuildPhase section */

/* Begin PBXGroup section */
		A21A613D285D21C0004D71A9 /* Logout */ = {
			isa = PBXGroup;
			children = (
				A21A613E285D21D0004D71A9 /* LogoutViewController.swift */,
			);
			name = Logout;
			sourceTree = "<group>";
		};
		A21A6143285D2725004D71A9 /* Utils */ = {
			isa = PBXGroup;
			children = (
				A21A6140285D26E2004D71A9 /* LocalState.swift */,
				A21A6144285DE3D7004D71A9 /* UIViewControllers+Utils.swift */,
				A2C81B40285E534D00093F82 /* Decimal+Utils.swift */,
				A2C81B42285E53C400093F82 /* CurrencyFormatter.swift */,
				A2C81B62285E709300093F82 /* NSNotificationName.swift */,
				A2C81B64285E72A700093F82 /* UITextField+SecureToggle.swift */,
				A2C81B6B285F849E00093F82 /* UIView+Utils.swift */,
				A2D744E8285FC10E00E591C9 /* Date+Utils.swift */,
			);
			name = Utils;
			sourceTree = "<group>";
		};
		A21A6148285DF4F4004D71A9 /* AccountSummary */ = {
			isa = PBXGroup;
			children = (
				A21A614A285DF52E004D71A9 /* AccountSummaryViewController.swift */,
				A2D744EA285FC2DA00E591C9 /* AccountSummaryViewController+Networking.swift */,
				A2C81B3F285E24E300093F82 /* Cell */,
				A2C81B3E285E24DA00093F82 /* Header */,
			);
			path = AccountSummary;
			sourceTree = "<group>";
		};
		A2B08BED285C94DE001AD17A = {
			isa = PBXGroup;
			children = (
				A2B08BF8285C94DE001AD17A /* Bankey */,
				A2C81B58285E5AD100093F82 /* BankeyUnitTests */,
				A2B08BF7285C94DE001AD17A /* Products */,
			);
			sourceTree = "<group>";
		};
		A2B08BF7285C94DE001AD17A /* Products */ = {
			isa = PBXGroup;
			children = (
				A2B08BF6285C94DE001AD17A /* Bankey.app */,
				A2C81B57285E5AD100093F82 /* BankeyUnitTests.xctest */,
			);
			name = Products;
			sourceTree = "<group>";
		};
		A2B08BF8285C94DE001AD17A /* Bankey */ = {
			isa = PBXGroup;
			children = (
				A2C81B66285E860000093F82 /* Components */,
				A2B08BF9285C94DE001AD17A /* AppDelegate.swift */,
				A21A6146285DE6C0004D71A9 /* MainViewController.swift */,
				A2B08C0E285C97C5001AD17A /* Login */,
				A2B08C11285CD19B001AD17A /* Onboarding */,
				A21A613D285D21C0004D71A9 /* Logout */,
				A21A6148285DF4F4004D71A9 /* AccountSummary */,
				A2B08C0D285C9789001AD17A /* Files */,
				A21A6143285D2725004D71A9 /* Utils */,
			);
			path = Bankey;
			sourceTree = "<group>";
		};
		A2B08C0D285C9789001AD17A /* Files */ = {
			isa = PBXGroup;
			children = (
				A2B08C02285C94E1001AD17A /* Assets.xcassets */,
				A2B08C04285C94E1001AD17A /* LaunchScreen.storyboard */,
				A2B08C07285C94E1001AD17A /* Info.plist */,
			);
			name = Files;
			sourceTree = "<group>";
		};
		A2B08C0E285C97C5001AD17A /* Login */ = {
			isa = PBXGroup;
			children = (
				A2B08BFD285C94DE001AD17A /* LoginViewController.swift */,
				A2B08C0F285C97F3001AD17A /* LoginView.swift */,
			);
			name = Login;
			sourceTree = "<group>";
		};
		A2B08C11285CD19B001AD17A /* Onboarding */ = {
			isa = PBXGroup;
			children = (
				A2B08C12285CD1D0001AD17A /* OnboardingContainerViewController.swift */,
				A2B08C16285CDAA9001AD17A /* OnboardingViewController.swift */,
				A2B08C18285CEA06001AD17A /* OnboardingViewControllerBuilder.swift */,
			);
			name = Onboarding;
			sourceTree = "<group>";
		};
		A2C81B3E285E24DA00093F82 /* Header */ = {
			isa = PBXGroup;
			children = (
				A21A614E285DFA8A004D71A9 /* AccountSummaryHeaderView.swift */,
				A21A6150285DFAAD004D71A9 /* AccountSummaryHeaderView.xib */,
			);
			path = Header;
			sourceTree = "<group>";
		};
		A2C81B3F285E24E300093F82 /* Cell */ = {
			isa = PBXGroup;
			children = (
				A21A614C285DF706004D71A9 /* SummaryCellView.swift */,
				A2E4C6412865F6E30074BCFC /* SkeletonLoadable.swift */,
				A2E4C6432865F7B10074BCFC /* SkeletonCell.swift */,
			);
			path = Cell;
			sourceTree = "<group>";
		};
		A2C81B58285E5AD100093F82 /* BankeyUnitTests */ = {
			isa = PBXGroup;
			children = (
				A2C81B60285E5B5500093F82 /* CurrencyFormatterTest.swift */,
			);
			path = BankeyUnitTests;
			sourceTree = "<group>";
		};
		A2C81B66285E860000093F82 /* Components */ = {
			isa = PBXGroup;
			children = (
				A2C81B67285E862100093F82 /* ShakeyBellView.swift */,
				A2C81B69285F81A500093F82 /* ShakeyBellViewAnimationRagViewController.swift */,
			);
			path = Components;
			sourceTree = "<group>";
		};
/* End PBXGroup section */

/* Begin PBXNativeTarget section */
		A2B08BF5285C94DE001AD17A /* Bankey */ = {
			isa = PBXNativeTarget;
			buildConfigurationList = A2B08C0A285C94E1001AD17A /* Build configuration list for PBXNativeTarget "Bankey" */;
			buildPhases = (
				A2B08BF2285C94DE001AD17A /* Sources */,
				A2B08BF3285C94DE001AD17A /* Frameworks */,
				A2B08BF4285C94DE001AD17A /* Resources */,
			);
			buildRules = (
			);
			dependencies = (
			);
			name = Bankey;
			productName = Bankey;
			productReference = A2B08BF6285C94DE001AD17A /* Bankey.app */;
			productType = "com.apple.product-type.application";
		};
		A2C81B56285E5AD100093F82 /* BankeyUnitTests */ = {
			isa = PBXNativeTarget;
			buildConfigurationList = A2C81B5D285E5AD100093F82 /* Build configuration list for PBXNativeTarget "BankeyUnitTests" */;
			buildPhases = (
				A2C81B53285E5AD100093F82 /* Sources */,
				A2C81B54285E5AD100093F82 /* Frameworks */,
				A2C81B55285E5AD100093F82 /* Resources */,
			);
			buildRules = (
			);
			dependencies = (
				A2C81B5C285E5AD100093F82 /* PBXTargetDependency */,
			);
			name = BankeyUnitTests;
			productName = BankeyUnitTests;
			productReference = A2C81B57285E5AD100093F82 /* BankeyUnitTests.xctest */;
			productType = "com.apple.product-type.bundle.unit-test";
		};
/* End PBXNativeTarget section */

/* Begin PBXProject section */
		A2B08BEE285C94DE001AD17A /* Project object */ = {
			isa = PBXProject;
			attributes = {
				BuildIndependentTargetsInParallel = 1;
				LastSwiftUpdateCheck = 1340;
				LastUpgradeCheck = 1340;
				TargetAttributes = {
					A2B08BF5285C94DE001AD17A = {
						CreatedOnToolsVersion = 13.4;
					};
					A2C81B56285E5AD100093F82 = {
						CreatedOnToolsVersion = 13.4;
						LastSwiftMigration = 1340;
						TestTargetID = A2B08BF5285C94DE001AD17A;
					};
				};
			};
			buildConfigurationList = A2B08BF1285C94DE001AD17A /* Build configuration list for PBXProject "Bankey" */;
			compatibilityVersion = "Xcode 13.0";
			developmentRegion = en;
			hasScannedForEncodings = 0;
			knownRegions = (
				en,
				Base,
			);
			mainGroup = A2B08BED285C94DE001AD17A;
			productRefGroup = A2B08BF7285C94DE001AD17A /* Products */;
			projectDirPath = "";
			projectRoot = "";
			targets = (
				A2B08BF5285C94DE001AD17A /* Bankey */,
				A2C81B56285E5AD100093F82 /* BankeyUnitTests */,
			);
		};
/* End PBXProject section */

/* Begin PBXResourcesBuildPhase section */
		A2B08BF4285C94DE001AD17A /* Resources */ = {
			isa = PBXResourcesBuildPhase;
			buildActionMask = 2147483647;
			files = (
				A21A6151285DFAAD004D71A9 /* AccountSummaryHeaderView.xib in Resources */,
				A2B08C06285C94E1001AD17A /* LaunchScreen.storyboard in Resources */,
				A2B08C03285C94E1001AD17A /* Assets.xcassets in Resources */,
			);
			runOnlyForDeploymentPostprocessing = 0;
		};
		A2C81B55285E5AD100093F82 /* Resources */ = {
			isa = PBXResourcesBuildPhase;
			buildActionMask = 2147483647;
			files = (
			);
			runOnlyForDeploymentPostprocessing = 0;
		};
/* End PBXResourcesBuildPhase section */

/* Begin PBXSourcesBuildPhase section */
		A2B08BF2285C94DE001AD17A /* Sources */ = {
			isa = PBXSourcesBuildPhase;
			buildActionMask = 2147483647;
			files = (
				A2E4C6422865F6E30074BCFC /* SkeletonLoadable.swift in Sources */,
				A21A614F285DFA8A004D71A9 /* AccountSummaryHeaderView.swift in Sources */,
				A2D744E9285FC10E00E591C9 /* Date+Utils.swift in Sources */,
				A21A6145285DE3D7004D71A9 /* UIViewControllers+Utils.swift in Sources */,
				A2C81B6C285F849E00093F82 /* UIView+Utils.swift in Sources */,
				A2C81B68285E862100093F82 /* ShakeyBellView.swift in Sources */,
				A2B08C10285C97F3001AD17A /* LoginView.swift in Sources */,
				A2B08C19285CEA06001AD17A /* OnboardingViewControllerBuilder.swift in Sources */,
				A2C81B43285E53C400093F82 /* CurrencyFormatter.swift in Sources */,
				A2B08BFE285C94DE001AD17A /* LoginViewController.swift in Sources */,
				A2E4C6442865F7B10074BCFC /* SkeletonCell.swift in Sources */,
				A2B08C17285CDAA9001AD17A /* OnboardingViewController.swift in Sources */,
				A21A613F285D21D0004D71A9 /* LogoutViewController.swift in Sources */,
				A2C81B41285E534D00093F82 /* Decimal+Utils.swift in Sources */,
				A2B08BFA285C94DE001AD17A /* AppDelegate.swift in Sources */,
				A2B08C13285CD1D0001AD17A /* OnboardingContainerViewController.swift in Sources */,
				A2C81B65285E72A700093F82 /* UITextField+SecureToggle.swift in Sources */,
				A21A614B285DF52E004D71A9 /* AccountSummaryViewController.swift in Sources */,
				A2C81B63285E709300093F82 /* NSNotificationName.swift in Sources */,
				A2D744EB285FC2DA00E591C9 /* AccountSummaryViewController+Networking.swift in Sources */,
				A21A6141285D26E2004D71A9 /* LocalState.swift in Sources */,
				A21A614D285DF706004D71A9 /* SummaryCellView.swift in Sources */,
				A21A6147285DE6C0004D71A9 /* MainViewController.swift in Sources */,
				A2C81B6A285F81A500093F82 /* ShakeyBellViewAnimationRagViewController.swift in Sources */,
			);
			runOnlyForDeploymentPostprocessing = 0;
		};
		A2C81B53285E5AD100093F82 /* Sources */ = {
			isa = PBXSourcesBuildPhase;
			buildActionMask = 2147483647;
			files = (
				A2C81B61285E5B5500093F82 /* CurrencyFormatterTest.swift in Sources */,
			);
			runOnlyForDeploymentPostprocessing = 0;
		};
/* End PBXSourcesBuildPhase section */

/* Begin PBXTargetDependency section */
		A2C81B5C285E5AD100093F82 /* PBXTargetDependency */ = {
			isa = PBXTargetDependency;
			target = A2B08BF5285C94DE001AD17A /* Bankey */;
			targetProxy = A2C81B5B285E5AD100093F82 /* PBXContainerItemProxy */;
		};
/* End PBXTargetDependency section */

/* Begin PBXVariantGroup section */
		A2B08C04285C94E1001AD17A /* LaunchScreen.storyboard */ = {
			isa = PBXVariantGroup;
			children = (
				A2B08C05285C94E1001AD17A /* Base */,
			);
			name = LaunchScreen.storyboard;
			sourceTree = "<group>";
		};
/* End PBXVariantGroup section */

/* Begin XCBuildConfiguration section */
		A2B08C08285C94E1001AD17A /* Debug */ = {
			isa = XCBuildConfiguration;
			buildSettings = {
				ALWAYS_SEARCH_USER_PATHS = NO;
				CLANG_ANALYZER_NONNULL = YES;
				CLANG_ANALYZER_NUMBER_OBJECT_CONVERSION = YES_AGGRESSIVE;
				CLANG_CXX_LANGUAGE_STANDARD = "gnu++17";
				CLANG_ENABLE_MODULES = YES;
				CLANG_ENABLE_OBJC_ARC = YES;
				CLANG_ENABLE_OBJC_WEAK = YES;
				CLANG_WARN_BLOCK_CAPTURE_AUTORELEASING = YES;
				CLANG_WARN_BOOL_CONVERSION = YES;
				CLANG_WARN_COMMA = YES;
				CLANG_WARN_CONSTANT_CONVERSION = YES;
				CLANG_WARN_DEPRECATED_OBJC_IMPLEMENTATIONS = YES;
				CLANG_WARN_DIRECT_OBJC_ISA_USAGE = YES_ERROR;
				CLANG_WARN_DOCUMENTATION_COMMENTS = YES;
				CLANG_WARN_EMPTY_BODY = YES;
				CLANG_WARN_ENUM_CONVERSION = YES;
				CLANG_WARN_INFINITE_RECURSION = YES;
				CLANG_WARN_INT_CONVERSION = YES;
				CLANG_WARN_NON_LITERAL_NULL_CONVERSION = YES;
				CLANG_WARN_OBJC_IMPLICIT_RETAIN_SELF = YES;
				CLANG_WARN_OBJC_LITERAL_CONVERSION = YES;
				CLANG_WARN_OBJC_ROOT_CLASS = YES_ERROR;
				CLANG_WARN_QUOTED_INCLUDE_IN_FRAMEWORK_HEADER = YES;
				CLANG_WARN_RANGE_LOOP_ANALYSIS = YES;
				CLANG_WARN_STRICT_PROTOTYPES = YES;
				CLANG_WARN_SUSPICIOUS_MOVE = YES;
				CLANG_WARN_UNGUARDED_AVAILABILITY = YES_AGGRESSIVE;
				CLANG_WARN_UNREACHABLE_CODE = YES;
				CLANG_WARN__DUPLICATE_METHOD_MATCH = YES;
				COPY_PHASE_STRIP = NO;
				DEBUG_INFORMATION_FORMAT = dwarf;
				ENABLE_STRICT_OBJC_MSGSEND = YES;
				ENABLE_TESTABILITY = YES;
				GCC_C_LANGUAGE_STANDARD = gnu11;
				GCC_DYNAMIC_NO_PIC = NO;
				GCC_NO_COMMON_BLOCKS = YES;
				GCC_OPTIMIZATION_LEVEL = 0;
				GCC_PREPROCESSOR_DEFINITIONS = (
					"DEBUG=1",
					"$(inherited)",
				);
				GCC_WARN_64_TO_32_BIT_CONVERSION = YES;
				GCC_WARN_ABOUT_RETURN_TYPE = YES_ERROR;
				GCC_WARN_UNDECLARED_SELECTOR = YES;
				GCC_WARN_UNINITIALIZED_AUTOS = YES_AGGRESSIVE;
				GCC_WARN_UNUSED_FUNCTION = YES;
				GCC_WARN_UNUSED_VARIABLE = YES;
				IPHONEOS_DEPLOYMENT_TARGET = 15.5;
				MTL_ENABLE_DEBUG_INFO = INCLUDE_SOURCE;
				MTL_FAST_MATH = YES;
				ONLY_ACTIVE_ARCH = YES;
				SDKROOT = iphoneos;
				SWIFT_ACTIVE_COMPILATION_CONDITIONS = DEBUG;
				SWIFT_OPTIMIZATION_LEVEL = "-Onone";
			};
			name = Debug;
		};
		A2B08C09285C94E1001AD17A /* Release */ = {
			isa = XCBuildConfiguration;
			buildSettings = {
				ALWAYS_SEARCH_USER_PATHS = NO;
				CLANG_ANALYZER_NONNULL = YES;
				CLANG_ANALYZER_NUMBER_OBJECT_CONVERSION = YES_AGGRESSIVE;
				CLANG_CXX_LANGUAGE_STANDARD = "gnu++17";
				CLANG_ENABLE_MODULES = YES;
				CLANG_ENABLE_OBJC_ARC = YES;
				CLANG_ENABLE_OBJC_WEAK = YES;
				CLANG_WARN_BLOCK_CAPTURE_AUTORELEASING = YES;
				CLANG_WARN_BOOL_CONVERSION = YES;
				CLANG_WARN_COMMA = YES;
				CLANG_WARN_CONSTANT_CONVERSION = YES;
				CLANG_WARN_DEPRECATED_OBJC_IMPLEMENTATIONS = YES;
				CLANG_WARN_DIRECT_OBJC_ISA_USAGE = YES_ERROR;
				CLANG_WARN_DOCUMENTATION_COMMENTS = YES;
				CLANG_WARN_EMPTY_BODY = YES;
				CLANG_WARN_ENUM_CONVERSION = YES;
				CLANG_WARN_INFINITE_RECURSION = YES;
				CLANG_WARN_INT_CONVERSION = YES;
				CLANG_WARN_NON_LITERAL_NULL_CONVERSION = YES;
				CLANG_WARN_OBJC_IMPLICIT_RETAIN_SELF = YES;
				CLANG_WARN_OBJC_LITERAL_CONVERSION = YES;
				CLANG_WARN_OBJC_ROOT_CLASS = YES_ERROR;
				CLANG_WARN_QUOTED_INCLUDE_IN_FRAMEWORK_HEADER = YES;
				CLANG_WARN_RANGE_LOOP_ANALYSIS = YES;
				CLANG_WARN_STRICT_PROTOTYPES = YES;
				CLANG_WARN_SUSPICIOUS_MOVE = YES;
				CLANG_WARN_UNGUARDED_AVAILABILITY = YES_AGGRESSIVE;
				CLANG_WARN_UNREACHABLE_CODE = YES;
				CLANG_WARN__DUPLICATE_METHOD_MATCH = YES;
				COPY_PHASE_STRIP = NO;
				DEBUG_INFORMATION_FORMAT = "dwarf-with-dsym";
				ENABLE_NS_ASSERTIONS = NO;
				ENABLE_STRICT_OBJC_MSGSEND = YES;
				GCC_C_LANGUAGE_STANDARD = gnu11;
				GCC_NO_COMMON_BLOCKS = YES;
				GCC_WARN_64_TO_32_BIT_CONVERSION = YES;
				GCC_WARN_ABOUT_RETURN_TYPE = YES_ERROR;
				GCC_WARN_UNDECLARED_SELECTOR = YES;
				GCC_WARN_UNINITIALIZED_AUTOS = YES_AGGRESSIVE;
				GCC_WARN_UNUSED_FUNCTION = YES;
				GCC_WARN_UNUSED_VARIABLE = YES;
				IPHONEOS_DEPLOYMENT_TARGET = 15.5;
				MTL_ENABLE_DEBUG_INFO = NO;
				MTL_FAST_MATH = YES;
				SDKROOT = iphoneos;
				SWIFT_COMPILATION_MODE = wholemodule;
				SWIFT_OPTIMIZATION_LEVEL = "-O";
				VALIDATE_PRODUCT = YES;
			};
			name = Release;
		};
		A2B08C0B285C94E1001AD17A /* Debug */ = {
			isa = XCBuildConfiguration;
			buildSettings = {
				ASSETCATALOG_COMPILER_APPICON_NAME = AppIcon;
				ASSETCATALOG_COMPILER_GLOBAL_ACCENT_COLOR_NAME = AccentColor;
				CODE_SIGN_STYLE = Automatic;
				CURRENT_PROJECT_VERSION = 1;
				DEVELOPMENT_TEAM = LC228Q45LH;
				GENERATE_INFOPLIST_FILE = YES;
				INFOPLIST_FILE = Bankey/Info.plist;
				INFOPLIST_KEY_UIApplicationSupportsIndirectInputEvents = YES;
				INFOPLIST_KEY_UILaunchStoryboardName = LaunchScreen;
				INFOPLIST_KEY_UISupportedInterfaceOrientations_iPad = "UIInterfaceOrientationPortrait UIInterfaceOrientationPortraitUpsideDown UIInterfaceOrientationLandscapeLeft UIInterfaceOrientationLandscapeRight";
				INFOPLIST_KEY_UISupportedInterfaceOrientations_iPhone = "UIInterfaceOrientationPortrait UIInterfaceOrientationLandscapeLeft UIInterfaceOrientationLandscapeRight";
				LD_RUNPATH_SEARCH_PATHS = (
					"$(inherited)",
					"@executable_path/Frameworks",
				);
				MARKETING_VERSION = 1.0;
				PRODUCT_BUNDLE_IDENTIFIER = me.owais.Bankey;
				PRODUCT_NAME = "$(TARGET_NAME)";
				SWIFT_EMIT_LOC_STRINGS = YES;
				SWIFT_VERSION = 5.0;
				TARGETED_DEVICE_FAMILY = "1,2";
			};
			name = Debug;
		};
		A2B08C0C285C94E1001AD17A /* Release */ = {
			isa = XCBuildConfiguration;
			buildSettings = {
				ASSETCATALOG_COMPILER_APPICON_NAME = AppIcon;
				ASSETCATALOG_COMPILER_GLOBAL_ACCENT_COLOR_NAME = AccentColor;
				CODE_SIGN_STYLE = Automatic;
				CURRENT_PROJECT_VERSION = 1;
				DEVELOPMENT_TEAM = LC228Q45LH;
				GENERATE_INFOPLIST_FILE = YES;
				INFOPLIST_FILE = Bankey/Info.plist;
				INFOPLIST_KEY_UIApplicationSupportsIndirectInputEvents = YES;
				INFOPLIST_KEY_UILaunchStoryboardName = LaunchScreen;
				INFOPLIST_KEY_UISupportedInterfaceOrientations_iPad = "UIInterfaceOrientationPortrait UIInterfaceOrientationPortraitUpsideDown UIInterfaceOrientationLandscapeLeft UIInterfaceOrientationLandscapeRight";
				INFOPLIST_KEY_UISupportedInterfaceOrientations_iPhone = "UIInterfaceOrientationPortrait UIInterfaceOrientationLandscapeLeft UIInterfaceOrientationLandscapeRight";
				LD_RUNPATH_SEARCH_PATHS = (
					"$(inherited)",
					"@executable_path/Frameworks",
				);
				MARKETING_VERSION = 1.0;
				PRODUCT_BUNDLE_IDENTIFIER = me.owais.Bankey;
				PRODUCT_NAME = "$(TARGET_NAME)";
				SWIFT_EMIT_LOC_STRINGS = YES;
				SWIFT_VERSION = 5.0;
				TARGETED_DEVICE_FAMILY = "1,2";
			};
			name = Release;
		};
		A2C81B5E285E5AD100093F82 /* Debug */ = {
			isa = XCBuildConfiguration;
			buildSettings = {
				BUNDLE_LOADER = "$(TEST_HOST)";
				CLANG_ENABLE_MODULES = YES;
				CODE_SIGN_STYLE = Automatic;
				CURRENT_PROJECT_VERSION = 1;
				DEVELOPMENT_TEAM = LC228Q45LH;
				GENERATE_INFOPLIST_FILE = YES;
				LD_RUNPATH_SEARCH_PATHS = (
					"$(inherited)",
					"@executable_path/Frameworks",
					"@loader_path/Frameworks",
				);
				MARKETING_VERSION = 1.0;
				PRODUCT_BUNDLE_IDENTIFIER = me.owais.BankeyUnitTests;
				PRODUCT_NAME = "$(TARGET_NAME)";
				SWIFT_EMIT_LOC_STRINGS = NO;
				SWIFT_OPTIMIZATION_LEVEL = "-Onone";
				SWIFT_VERSION = 5.0;
				TARGETED_DEVICE_FAMILY = "1,2";
				TEST_HOST = "$(BUILT_PRODUCTS_DIR)/Bankey.app/Bankey";
			};
			name = Debug;
		};
		A2C81B5F285E5AD100093F82 /* Release */ = {
			isa = XCBuildConfiguration;
			buildSettings = {
				BUNDLE_LOADER = "$(TEST_HOST)";
				CLANG_ENABLE_MODULES = YES;
				CODE_SIGN_STYLE = Automatic;
				CURRENT_PROJECT_VERSION = 1;
				DEVELOPMENT_TEAM = LC228Q45LH;
				GENERATE_INFOPLIST_FILE = YES;
				LD_RUNPATH_SEARCH_PATHS = (
					"$(inherited)",
					"@executable_path/Frameworks",
					"@loader_path/Frameworks",
				);
				MARKETING_VERSION = 1.0;
				PRODUCT_BUNDLE_IDENTIFIER = me.owais.BankeyUnitTests;
				PRODUCT_NAME = "$(TARGET_NAME)";
				SWIFT_EMIT_LOC_STRINGS = NO;
				SWIFT_VERSION = 5.0;
				TARGETED_DEVICE_FAMILY = "1,2";
				TEST_HOST = "$(BUILT_PRODUCTS_DIR)/Bankey.app/Bankey";
			};
			name = Release;
		};
/* End XCBuildConfiguration section */

/* Begin XCConfigurationList section */
		A2B08BF1285C94DE001AD17A /* Build configuration list for PBXProject "Bankey" */ = {
			isa = XCConfigurationList;
			buildConfigurations = (
				A2B08C08285C94E1001AD17A /* Debug */,
				A2B08C09285C94E1001AD17A /* Release */,
			);
			defaultConfigurationIsVisible = 0;
			defaultConfigurationName = Release;
		};
		A2B08C0A285C94E1001AD17A /* Build configuration list for PBXNativeTarget "Bankey" */ = {
			isa = XCConfigurationList;
			buildConfigurations = (
				A2B08C0B285C94E1001AD17A /* Debug */,
				A2B08C0C285C94E1001AD17A /* Release */,
			);
			defaultConfigurationIsVisible = 0;
			defaultConfigurationName = Release;
		};
		A2C81B5D285E5AD100093F82 /* Build configuration list for PBXNativeTarget "BankeyUnitTests" */ = {
			isa = XCConfigurationList;
			buildConfigurations = (
				A2C81B5E285E5AD100093F82 /* Debug */,
				A2C81B5F285E5AD100093F82 /* Release */,
			);
			defaultConfigurationIsVisible = 0;
			defaultConfigurationName = Release;
		};
/* End XCConfigurationList section */
	};
	rootObject = A2B08BEE285C94DE001AD17A /* Project object */;
}
